// !$*UTF8*$!
{
	archiveVersion = 1;
	classes = {
	};
	objectVersion = 48;
	objects = {

/* Begin PBXBuildFile section */
		225FA6AE2063F3F8000AD5C0 /* AppDelegate.swift in Sources */ = {isa = PBXBuildFile; fileRef = 225FA6AD2063F3F8000AD5C0 /* AppDelegate.swift */; };
		225FA6B02063F3F8000AD5C0 /* ViewController.swift in Sources */ = {isa = PBXBuildFile; fileRef = 225FA6AF2063F3F8000AD5C0 /* ViewController.swift */; };
		225FA6B32063F3F8000AD5C0 /* Main.storyboard in Resources */ = {isa = PBXBuildFile; fileRef = 225FA6B12063F3F8000AD5C0 /* Main.storyboard */; };
		225FA6B52063F3F8000AD5C0 /* Assets.xcassets in Resources */ = {isa = PBXBuildFile; fileRef = 225FA6B42063F3F8000AD5C0 /* Assets.xcassets */; };
		225FA6B82063F3F8000AD5C0 /* LaunchScreen.storyboard in Resources */ = {isa = PBXBuildFile; fileRef = 225FA6B62063F3F8000AD5C0 /* LaunchScreen.storyboard */; };
		225FA6C12063FAF1000AD5C0 /* Programmer.swift in Sources */ = {isa = PBXBuildFile; fileRef = 225FA6C02063FAF1000AD5C0 /* Programmer.swift */; };
		225FA6C42063FCDA000AD5C0 /* ShowProgrammerListUseCase.swift in Sources */ = {isa = PBXBuildFile; fileRef = 225FA6C32063FCDA000AD5C0 /* ShowProgrammerListUseCase.swift */; };
		225FA6C62063FDE2000AD5C0 /* EntityGateway.swift in Sources */ = {isa = PBXBuildFile; fileRef = 225FA6C52063FDE2000AD5C0 /* EntityGateway.swift */; };
		225FA6C82063FF10000AD5C0 /* ProgrammerResponse.swift in Sources */ = {isa = PBXBuildFile; fileRef = 225FA6C72063FF10000AD5C0 /* ProgrammerResponse.swift */; };
		225FA6CA2063FFF7000AD5C0 /* ProgrammerListPresentation.swift in Sources */ = {isa = PBXBuildFile; fileRef = 225FA6C92063FFF7000AD5C0 /* ProgrammerListPresentation.swift */; };
		225FA6CD2064018B000AD5C0 /* ProgrammerListPresenter.swift in Sources */ = {isa = PBXBuildFile; fileRef = 225FA6CC2064018B000AD5C0 /* ProgrammerListPresenter.swift */; };
		225FA6CF20640392000AD5C0 /* ProgrammersListTableViewController.swift in Sources */ = {isa = PBXBuildFile; fileRef = 225FA6CE20640392000AD5C0 /* ProgrammersListTableViewController.swift */; };
/* End PBXBuildFile section */

/* Begin PBXFileReference section */
		225FA6AA2063F3F8000AD5C0 /* CleanArch.app */ = {isa = PBXFileReference; explicitFileType = wrapper.application; includeInIndex = 0; path = CleanArch.app; sourceTree = BUILT_PRODUCTS_DIR; };
		225FA6AD2063F3F8000AD5C0 /* AppDelegate.swift */ = {isa = PBXFileReference; lastKnownFileType = sourcecode.swift; path = AppDelegate.swift; sourceTree = "<group>"; };
		225FA6AF2063F3F8000AD5C0 /* ViewController.swift */ = {isa = PBXFileReference; lastKnownFileType = sourcecode.swift; path = ViewController.swift; sourceTree = "<group>"; };
		225FA6B22063F3F8000AD5C0 /* Base */ = {isa = PBXFileReference; lastKnownFileType = file.storyboard; name = Base; path = Base.lproj/Main.storyboard; sourceTree = "<group>"; };
		225FA6B42063F3F8000AD5C0 /* Assets.xcassets */ = {isa = PBXFileReference; lastKnownFileType = folder.assetcatalog; path = Assets.xcassets; sourceTree = "<group>"; };
		225FA6B72063F3F8000AD5C0 /* Base */ = {isa = PBXFileReference; lastKnownFileType = file.storyboard; name = Base; path = Base.lproj/LaunchScreen.storyboard; sourceTree = "<group>"; };
		225FA6B92063F3F8000AD5C0 /* Info.plist */ = {isa = PBXFileReference; lastKnownFileType = text.plist.xml; path = Info.plist; sourceTree = "<group>"; };
		225FA6C02063FAF1000AD5C0 /* Programmer.swift */ = {isa = PBXFileReference; lastKnownFileType = sourcecode.swift; path = Programmer.swift; sourceTree = "<group>"; };
		225FA6C32063FCDA000AD5C0 /* ShowProgrammerListUseCase.swift */ = {isa = PBXFileReference; lastKnownFileType = sourcecode.swift; path = ShowProgrammerListUseCase.swift; sourceTree = "<group>"; };
		225FA6C52063FDE2000AD5C0 /* EntityGateway.swift */ = {isa = PBXFileReference; lastKnownFileType = sourcecode.swift; path = EntityGateway.swift; sourceTree = "<group>"; };
		225FA6C72063FF10000AD5C0 /* ProgrammerResponse.swift */ = {isa = PBXFileReference; lastKnownFileType = sourcecode.swift; path = ProgrammerResponse.swift; sourceTree = "<group>"; };
		225FA6C92063FFF7000AD5C0 /* ProgrammerListPresentation.swift */ = {isa = PBXFileReference; lastKnownFileType = sourcecode.swift; path = ProgrammerListPresentation.swift; sourceTree = "<group>"; };
		225FA6CC2064018B000AD5C0 /* ProgrammerListPresenter.swift */ = {isa = PBXFileReference; lastKnownFileType = sourcecode.swift; path = ProgrammerListPresenter.swift; sourceTree = "<group>"; };
		225FA6CE20640392000AD5C0 /* ProgrammersListTableViewController.swift */ = {isa = PBXFileReference; lastKnownFileType = sourcecode.swift; path = ProgrammersListTableViewController.swift; sourceTree = "<group>"; };
/* End PBXFileReference section */

/* Begin PBXFrameworksBuildPhase section */
		225FA6A72063F3F8000AD5C0 /* Frameworks */ = {
			isa = PBXFrameworksBuildPhase;
			buildActionMask = 2147483647;
			files = (
			);
			runOnlyForDeploymentPostprocessing = 0;
		};
/* End PBXFrameworksBuildPhase section */

/* Begin PBXGroup section */
		225FA6A12063F3F8000AD5C0 = {
			isa = PBXGroup;
			children = (
				225FA6AC2063F3F8000AD5C0 /* CleanArch */,
				225FA6AB2063F3F8000AD5C0 /* Products */,
			);
			sourceTree = "<group>";
		};
		225FA6AB2063F3F8000AD5C0 /* Products */ = {
			isa = PBXGroup;
			children = (
				225FA6AA2063F3F8000AD5C0 /* CleanArch.app */,
			);
			name = Products;
			sourceTree = "<group>";
		};
		225FA6AC2063F3F8000AD5C0 /* CleanArch */ = {
			isa = PBXGroup;
			children = (
				225FA6AD2063F3F8000AD5C0 /* AppDelegate.swift */,
				225FA6AF2063F3F8000AD5C0 /* ViewController.swift */,
				225FA6C52063FDE2000AD5C0 /* EntityGateway.swift */,
				225FA6C72063FF10000AD5C0 /* ProgrammerResponse.swift */,
				225FA6CB2063FFFE000AD5C0 /* Presenter */,
				225FA6C22063FCAB000AD5C0 /* Interactor */,
				225FA6BF2063FAE4000AD5C0 /* Entities */,
				225FA6B12063F3F8000AD5C0 /* Main.storyboard */,
				225FA6CE20640392000AD5C0 /* ProgrammersListTableViewController.swift */,
				225FA6B42063F3F8000AD5C0 /* Assets.xcassets */,
				225FA6B62063F3F8000AD5C0 /* LaunchScreen.storyboard */,
				225FA6B92063F3F8000AD5C0 /* Info.plist */,
			);
			path = CleanArch;
			sourceTree = "<group>";
		};
		225FA6BF2063FAE4000AD5C0 /* Entities */ = {
			isa = PBXGroup;
			children = (
				225FA6C02063FAF1000AD5C0 /* Programmer.swift */,
			);
			path = Entities;
			sourceTree = "<group>";
		};
		225FA6C22063FCAB000AD5C0 /* Interactor */ = {
			isa = PBXGroup;
			children = (
				225FA6C32063FCDA000AD5C0 /* ShowProgrammerListUseCase.swift */,
			);
			path = Interactor;
			sourceTree = "<group>";
		};
		225FA6CB2063FFFE000AD5C0 /* Presenter */ = {
			isa = PBXGroup;
			children = (
				225FA6C92063FFF7000AD5C0 /* ProgrammerListPresentation.swift */,
				225FA6CC2064018B000AD5C0 /* ProgrammerListPresenter.swift */,
			);
			path = Presenter;
			sourceTree = "<group>";
		};
/* End PBXGroup section */

/* Begin PBXNativeTarget section */
		225FA6A92063F3F8000AD5C0 /* CleanArch */ = {
			isa = PBXNativeTarget;
			buildConfigurationList = 225FA6BC2063F3F8000AD5C0 /* Build configuration list for PBXNativeTarget "CleanArch" */;
			buildPhases = (
				225FA6A62063F3F8000AD5C0 /* Sources */,
				225FA6A72063F3F8000AD5C0 /* Frameworks */,
				225FA6A82063F3F8000AD5C0 /* Resources */,
			);
			buildRules = (
			);
			dependencies = (
			);
			name = CleanArch;
			productName = CleanArch;
			productReference = 225FA6AA2063F3F8000AD5C0 /* CleanArch.app */;
			productType = "com.apple.product-type.application";
		};
/* End PBXNativeTarget section */

/* Begin PBXProject section */
		225FA6A22063F3F8000AD5C0 /* Project object */ = {
			isa = PBXProject;
			attributes = {
				LastSwiftUpdateCheck = 0920;
				LastUpgradeCheck = 0920;
				ORGANIZATIONNAME = "ReatailMeNot UK Ltd";
				TargetAttributes = {
					225FA6A92063F3F8000AD5C0 = {
						CreatedOnToolsVersion = 9.2;
						ProvisioningStyle = Automatic;
					};
				};
			};
			buildConfigurationList = 225FA6A52063F3F8000AD5C0 /* Build configuration list for PBXProject "CleanArch" */;
			compatibilityVersion = "Xcode 8.0";
			developmentRegion = en;
			hasScannedForEncodings = 0;
			knownRegions = (
				en,
				Base,
			);
			mainGroup = 225FA6A12063F3F8000AD5C0;
			productRefGroup = 225FA6AB2063F3F8000AD5C0 /* Products */;
			projectDirPath = "";
			projectRoot = "";
			targets = (
				225FA6A92063F3F8000AD5C0 /* CleanArch */,
			);
		};
/* End PBXProject section */

/* Begin PBXResourcesBuildPhase section */
		225FA6A82063F3F8000AD5C0 /* Resources */ = {
			isa = PBXResourcesBuildPhase;
			buildActionMask = 2147483647;
			files = (
				225FA6B82063F3F8000AD5C0 /* LaunchScreen.storyboard in Resources */,
				225FA6B52063F3F8000AD5C0 /* Assets.xcassets in Resources */,
				225FA6B32063F3F8000AD5C0 /* Main.storyboard in Resources */,
			);
			runOnlyForDeploymentPostprocessing = 0;
		};
/* End PBXResourcesBuildPhase section */

/* Begin PBXSourcesBuildPhase section */
		225FA6A62063F3F8000AD5C0 /* Sources */ = {
			isa = PBXSourcesBuildPhase;
			buildActionMask = 2147483647;
			files = (
				225FA6CD2064018B000AD5C0 /* ProgrammerListPresenter.swift in Sources */,
				225FA6B02063F3F8000AD5C0 /* ViewController.swift in Sources */,
				225FA6C42063FCDA000AD5C0 /* ShowProgrammerListUseCase.swift in Sources */,
				225FA6C12063FAF1000AD5C0 /* Programmer.swift in Sources */,
				225FA6CF20640392000AD5C0 /* ProgrammersListTableViewController.swift in Sources */,
				225FA6C62063FDE2000AD5C0 /* EntityGateway.swift in Sources */,
				225FA6AE2063F3F8000AD5C0 /* AppDelegate.swift in Sources */,
				225FA6C82063FF10000AD5C0 /* ProgrammerResponse.swift in Sources */,
				225FA6CA2063FFF7000AD5C0 /* ProgrammerListPresentation.swift in Sources */,
			);
			runOnlyForDeploymentPostprocessing = 0;
		};
/* End PBXSourcesBuildPhase section */

/* Begin PBXVariantGroup section */
		225FA6B12063F3F8000AD5C0 /* Main.storyboard */ = {
			isa = PBXVariantGroup;
			children = (
				225FA6B22063F3F8000AD5C0 /* Base */,
			);
			name = Main.storyboard;
			sourceTree = "<group>";
		};
		225FA6B62063F3F8000AD5C0 /* LaunchScreen.storyboard */ = {
			isa = PBXVariantGroup;
			children = (
				225FA6B72063F3F8000AD5C0 /* Base */,
			);
			name = LaunchScreen.storyboard;
			sourceTree = "<group>";
		};
/* End PBXVariantGroup section */

/* Begin XCBuildConfiguration section */
		225FA6BA2063F3F8000AD5C0 /* Debug */ = {
			isa = XCBuildConfiguration;
			buildSettings = {
				ALWAYS_SEARCH_USER_PATHS = NO;
				CLANG_ANALYZER_NONNULL = YES;
				CLANG_ANALYZER_NUMBER_OBJECT_CONVERSION = YES_AGGRESSIVE;
				CLANG_CXX_LANGUAGE_STANDARD = "gnu++14";
				CLANG_CXX_LIBRARY = "libc++";
				CLANG_ENABLE_MODULES = YES;
				CLANG_ENABLE_OBJC_ARC = YES;
				CLANG_WARN_BLOCK_CAPTURE_AUTORELEASING = YES;
				CLANG_WARN_BOOL_CONVERSION = YES;
				CLANG_WARN_COMMA = YES;
				CLANG_WARN_CONSTANT_CONVERSION = YES;
				CLANG_WARN_DIRECT_OBJC_ISA_USAGE = YES_ERROR;
				CLANG_WARN_DOCUMENTATION_COMMENTS = YES;
				CLANG_WARN_EMPTY_BODY = YES;
				CLANG_WARN_ENUM_CONVERSION = YES;
				CLANG_WARN_INFINITE_RECURSION = YES;
				CLANG_WARN_INT_CONVERSION = YES;
				CLANG_WARN_NON_LITERAL_NULL_CONVERSION = YES;
				CLANG_WARN_OBJC_LITERAL_CONVERSION = YES;
				CLANG_WARN_OBJC_ROOT_CLASS = YES_ERROR;
				CLANG_WARN_RANGE_LOOP_ANALYSIS = YES;
				CLANG_WARN_STRICT_PROTOTYPES = YES;
				CLANG_WARN_SUSPICIOUS_MOVE = YES;
				CLANG_WARN_UNGUARDED_AVAILABILITY = YES_AGGRESSIVE;
				CLANG_WARN_UNREACHABLE_CODE = YES;
				CLANG_WARN__DUPLICATE_METHOD_MATCH = YES;
				CODE_SIGN_IDENTITY = "iPhone Developer";
				COPY_PHASE_STRIP = NO;
				DEBUG_INFORMATION_FORMAT = dwarf;
				ENABLE_STRICT_OBJC_MSGSEND = YES;
				ENABLE_TESTABILITY = YES;
				GCC_C_LANGUAGE_STANDARD = gnu11;
				GCC_DYNAMIC_NO_PIC = NO;
				GCC_NO_COMMON_BLOCKS = YES;
				GCC_OPTIMIZATION_LEVEL = 0;
				GCC_PREPROCESSOR_DEFINITIONS = (
					"DEBUG=1",
					"$(inherited)",
				);
				GCC_WARN_64_TO_32_BIT_CONVERSION = YES;
				GCC_WARN_ABOUT_RETURN_TYPE = YES_ERROR;
				GCC_WARN_UNDECLARED_SELECTOR = YES;
				GCC_WARN_UNINITIALIZED_AUTOS = YES_AGGRESSIVE;
				GCC_WARN_UNUSED_FUNCTION = YES;
				GCC_WARN_UNUSED_VARIABLE = YES;
				IPHONEOS_DEPLOYMENT_TARGET = 11.2;
				MTL_ENABLE_DEBUG_INFO = YES;
				ONLY_ACTIVE_ARCH = YES;
				SDKROOT = iphoneos;
				SWIFT_ACTIVE_COMPILATION_CONDITIONS = DEBUG;
				SWIFT_OPTIMIZATION_LEVEL = "-Onone";
			};
			name = Debug;
		};
		225FA6BB2063F3F8000AD5C0 /* Release */ = {
			isa = XCBuildConfiguration;
			buildSettings = {
				ALWAYS_SEARCH_USER_PATHS = NO;
				CLANG_ANALYZER_NONNULL = YES;
				CLANG_ANALYZER_NUMBER_OBJECT_CONVERSION = YES_AGGRESSIVE;
				CLANG_CXX_LANGUAGE_STANDARD = "gnu++14";
				CLANG_CXX_LIBRARY = "libc++";
				CLANG_ENABLE_MODULES = YES;
				CLANG_ENABLE_OBJC_ARC = YES;
				CLANG_WARN_BLOCK_CAPTURE_AUTORELEASING = YES;
				CLANG_WARN_BOOL_CONVERSION = YES;
				CLANG_WARN_COMMA = YES;
				CLANG_WARN_CONSTANT_CONVERSION = YES;
				CLANG_WARN_DIRECT_OBJC_ISA_USAGE = YES_ERROR;
				CLANG_WARN_DOCUMENTATION_COMMENTS = YES;
				CLANG_WARN_EMPTY_BODY = YES;
				CLANG_WARN_ENUM_CONVERSION = YES;
				CLANG_WARN_INFINITE_RECURSION = YES;
				CLANG_WARN_INT_CONVERSION = YES;
				CLANG_WARN_NON_LITERAL_NULL_CONVERSION = YES;
				CLANG_WARN_OBJC_LITERAL_CONVERSION = YES;
				CLANG_WARN_OBJC_ROOT_CLASS = YES_ERROR;
				CLANG_WARN_RANGE_LOOP_ANALYSIS = YES;
				CLANG_WARN_STRICT_PROTOTYPES = YES;
				CLANG_WARN_SUSPICIOUS_MOVE = YES;
				CLANG_WARN_UNGUARDED_AVAILABILITY = YES_AGGRESSIVE;
				CLANG_WARN_UNREACHABLE_CODE = YES;
				CLANG_WARN__DUPLICATE_METHOD_MATCH = YES;
				CODE_SIGN_IDENTITY = "iPhone Developer";
				COPY_PHASE_STRIP = NO;
				DEBUG_INFORMATION_FORMAT = "dwarf-with-dsym";
				ENABLE_NS_ASSERTIONS = NO;
				ENABLE_STRICT_OBJC_MSGSEND = YES;
				GCC_C_LANGUAGE_STANDARD = gnu11;
				GCC_NO_COMMON_BLOCKS = YES;
				GCC_WARN_64_TO_32_BIT_CONVERSION = YES;
				GCC_WARN_ABOUT_RETURN_TYPE = YES_ERROR;
				GCC_WARN_UNDECLARED_SELECTOR = YES;
				GCC_WARN_UNINITIALIZED_AUTOS = YES_AGGRESSIVE;
				GCC_WARN_UNUSED_FUNCTION = YES;
				GCC_WARN_UNUSED_VARIABLE = YES;
				IPHONEOS_DEPLOYMENT_TARGET = 11.2;
				MTL_ENABLE_DEBUG_INFO = NO;
				SDKROOT = iphoneos;
				SWIFT_OPTIMIZATION_LEVEL = "-Owholemodule";
				VALIDATE_PRODUCT = YES;
			};
			name = Release;
		};
		225FA6BD2063F3F8000AD5C0 /* Debug */ = {
			isa = XCBuildConfiguration;
			buildSettings = {
				ASSETCATALOG_COMPILER_APPICON_NAME = AppIcon;
				CODE_SIGN_STYLE = Automatic;
				DEVELOPMENT_TEAM = 92WBPPS3HN;
				INFOPLIST_FILE = CleanArch/Info.plist;
				LD_RUNPATH_SEARCH_PATHS = "$(inherited) @executable_path/Frameworks";
				PRODUCT_BUNDLE_IDENTIFIER = com.matcom.CleanArch;
				PRODUCT_NAME = "$(TARGET_NAME)";
				SWIFT_VERSION = 4.0;
				TARGETED_DEVICE_FAMILY = "1,2";
			};
			name = Debug;
		};
		225FA6BE2063F3F8000AD5C0 /* Release */ = {
			isa = XCBuildConfiguration;
			buildSettings = {
				ASSETCATALOG_COMPILER_APPICON_NAME = AppIcon;
				CODE_SIGN_STYLE = Automatic;
				DEVELOPMENT_TEAM = 92WBPPS3HN;
				INFOPLIST_FILE = CleanArch/Info.plist;
				LD_RUNPATH_SEARCH_PATHS = "$(inherited) @executable_path/Frameworks";
				PRODUCT_BUNDLE_IDENTIFIER = com.matcom.CleanArch;
				PRODUCT_NAME = "$(TARGET_NAME)";
				SWIFT_VERSION = 4.0;
				TARGETED_DEVICE_FAMILY = "1,2";
			};
			name = Release;
		};
/* End XCBuildConfiguration section */

/* Begin XCConfigurationList section */
		225FA6A52063F3F8000AD5C0 /* Build configuration list for PBXProject "CleanArch" */ = {
			isa = XCConfigurationList;
			buildConfigurations = (
				225FA6BA2063F3F8000AD5C0 /* Debug */,
				225FA6BB2063F3F8000AD5C0 /* Release */,
			);
			defaultConfigurationIsVisible = 0;
			defaultConfigurationName = Release;
		};
		225FA6BC2063F3F8000AD5C0 /* Build configuration list for PBXNativeTarget "CleanArch" */ = {
			isa = XCConfigurationList;
			buildConfigurations = (
				225FA6BD2063F3F8000AD5C0 /* Debug */,
				225FA6BE2063F3F8000AD5C0 /* Release */,
			);
			defaultConfigurationIsVisible = 0;
			defaultConfigurationName = Release;
		};
/* End XCConfigurationList section */
	};
	rootObject = 225FA6A22063F3F8000AD5C0 /* Project object */;
}
